// !$*UTF8*$!
{
	archiveVersion = 1;
	classes = {
	};
	objectVersion = 55;
	objects = {

/* Begin PBXBuildFile section */
		4326601B28FECBCF00575D6A /* LandmarksApp.swift in Sources */ = {isa = PBXBuildFile; fileRef = 4326601A28FECBCF00575D6A /* LandmarksApp.swift */; };
		4326601D28FECBCF00575D6A /* ContentView.swift in Sources */ = {isa = PBXBuildFile; fileRef = 4326601C28FECBCF00575D6A /* ContentView.swift */; };
		4326601F28FECBD200575D6A /* Assets.xcassets in Resources */ = {isa = PBXBuildFile; fileRef = 4326601E28FECBD200575D6A /* Assets.xcassets */; };
		4326602228FECBD200575D6A /* Preview Assets.xcassets in Resources */ = {isa = PBXBuildFile; fileRef = 4326602128FECBD200575D6A /* Preview Assets.xcassets */; };
		4368CD2D29015E960049B212 /* FavoriteButton.swift in Sources */ = {isa = PBXBuildFile; fileRef = 4368CD2C29015E960049B212 /* FavoriteButton.swift */; };
		436EF6FF28FFE9AA009E3EAB /* MapView.swift in Sources */ = {isa = PBXBuildFile; fileRef = 436EF6FE28FFE9AA009E3EAB /* MapView.swift */; };
		436EF70128FFF910009E3EAB /* landmarkData.json in Resources */ = {isa = PBXBuildFile; fileRef = 436EF70028FFF90F009E3EAB /* landmarkData.json */; };
		436EF70328FFF932009E3EAB /* Landmark.swift in Sources */ = {isa = PBXBuildFile; fileRef = 436EF70228FFF932009E3EAB /* Landmark.swift */; };
		436F391B28FEF2F300BE7815 /* CircleImage.swift in Sources */ = {isa = PBXBuildFile; fileRef = 436F391A28FEF2F300BE7815 /* CircleImage.swift */; };
		437B29B629000E89002C42F2 /* ModelData.swift in Sources */ = {isa = PBXBuildFile; fileRef = 437B29B529000E89002C42F2 /* ModelData.swift */; };
		437B29B9290014D7002C42F2 /* LandmarkRow.swift in Sources */ = {isa = PBXBuildFile; fileRef = 437B29B8290014D7002C42F2 /* LandmarkRow.swift */; };
		437B29BB290020AE002C42F2 /* LandmarkList.swift in Sources */ = {isa = PBXBuildFile; fileRef = 437B29BA290020AE002C42F2 /* LandmarkList.swift */; };
		437B29BD290023F1002C42F2 /* LandmarkDetails.swift in Sources */ = {isa = PBXBuildFile; fileRef = 437B29BC290023F1002C42F2 /* LandmarkDetails.swift */; };
		43DD7DE72A9CC8B60051A819 /* LoginView.swift in Sources */ = {isa = PBXBuildFile; fileRef = 43DD7DE62A9CC8B60051A819 /* LoginView.swift */; };
/* End PBXBuildFile section */

/* Begin PBXFileReference section */
		4326601728FECBCF00575D6A /* Landmarks.app */ = {isa = PBXFileReference; explicitFileType = wrapper.application; includeInIndex = 0; path = Landmarks.app; sourceTree = BUILT_PRODUCTS_DIR; };
		4326601A28FECBCF00575D6A /* LandmarksApp.swift */ = {isa = PBXFileReference; lastKnownFileType = sourcecode.swift; path = LandmarksApp.swift; sourceTree = "<group>"; };
		4326601C28FECBCF00575D6A /* ContentView.swift */ = {isa = PBXFileReference; lastKnownFileType = sourcecode.swift; path = ContentView.swift; sourceTree = "<group>"; };
		4326601E28FECBD200575D6A /* Assets.xcassets */ = {isa = PBXFileReference; lastKnownFileType = folder.assetcatalog; path = Assets.xcassets; sourceTree = "<group>"; };
		4326602128FECBD200575D6A /* Preview Assets.xcassets */ = {isa = PBXFileReference; lastKnownFileType = folder.assetcatalog; path = "Preview Assets.xcassets"; sourceTree = "<group>"; };
		4368CD2C29015E960049B212 /* FavoriteButton.swift */ = {isa = PBXFileReference; lastKnownFileType = sourcecode.swift; path = FavoriteButton.swift; sourceTree = "<group>"; };
		436EF6FE28FFE9AA009E3EAB /* MapView.swift */ = {isa = PBXFileReference; lastKnownFileType = sourcecode.swift; path = MapView.swift; sourceTree = "<group>"; };
		436EF70028FFF90F009E3EAB /* landmarkData.json */ = {isa = PBXFileReference; fileEncoding = 4; lastKnownFileType = text.json; path = landmarkData.json; sourceTree = "<group>"; };
		436EF70228FFF932009E3EAB /* Landmark.swift */ = {isa = PBXFileReference; lastKnownFileType = sourcecode.swift; path = Landmark.swift; sourceTree = "<group>"; };
		436F391A28FEF2F300BE7815 /* CircleImage.swift */ = {isa = PBXFileReference; lastKnownFileType = sourcecode.swift; path = CircleImage.swift; sourceTree = "<group>"; };
		437B29B529000E89002C42F2 /* ModelData.swift */ = {isa = PBXFileReference; lastKnownFileType = sourcecode.swift; path = ModelData.swift; sourceTree = "<group>"; };
		437B29B8290014D7002C42F2 /* LandmarkRow.swift */ = {isa = PBXFileReference; lastKnownFileType = sourcecode.swift; path = LandmarkRow.swift; sourceTree = "<group>"; };
		437B29BA290020AE002C42F2 /* LandmarkList.swift */ = {isa = PBXFileReference; lastKnownFileType = sourcecode.swift; path = LandmarkList.swift; sourceTree = "<group>"; };
		437B29BC290023F1002C42F2 /* LandmarkDetails.swift */ = {isa = PBXFileReference; lastKnownFileType = sourcecode.swift; path = LandmarkDetails.swift; sourceTree = "<group>"; };
		43DD7DE62A9CC8B60051A819 /* LoginView.swift */ = {isa = PBXFileReference; lastKnownFileType = sourcecode.swift; path = LoginView.swift; sourceTree = "<group>"; };
/* End PBXFileReference section */

/* Begin PBXFrameworksBuildPhase section */
		4326601428FECBCF00575D6A /* Frameworks */ = {
			isa = PBXFrameworksBuildPhase;
			buildActionMask = 2147483647;
			files = (
			);
			runOnlyForDeploymentPostprocessing = 0;
		};
/* End PBXFrameworksBuildPhase section */

/* Begin PBXGroup section */
		4326600E28FECBCF00575D6A = {
			isa = PBXGroup;
			children = (
				4326601928FECBCF00575D6A /* Landmarks */,
				4326601828FECBCF00575D6A /* Products */,
			);
			sourceTree = "<group>";
		};
		4326601828FECBCF00575D6A /* Products */ = {
			isa = PBXGroup;
			children = (
				4326601728FECBCF00575D6A /* Landmarks.app */,
			);
			name = Products;
			sourceTree = "<group>";
		};
		4326601928FECBCF00575D6A /* Landmarks */ = {
			isa = PBXGroup;
			children = (
				4326601A28FECBCF00575D6A /* LandmarksApp.swift */,
				437B29B429000E77002C42F2 /* Model */,
				437B29B329000E64002C42F2 /* View */,
				437B29B729000F4B002C42F2 /* Resources */,
				4326601E28FECBD200575D6A /* Assets.xcassets */,
				4326602028FECBD200575D6A /* Preview Content */,
			);
			path = Landmarks;
			sourceTree = "<group>";
		};
		4326602028FECBD200575D6A /* Preview Content */ = {
			isa = PBXGroup;
			children = (
				4326602128FECBD200575D6A /* Preview Assets.xcassets */,
			);
			path = "Preview Content";
			sourceTree = "<group>";
		};
		4368CD2E290161DD0049B212 /* Helpers */ = {
			isa = PBXGroup;
			children = (
				436EF6FE28FFE9AA009E3EAB /* MapView.swift */,
				436F391A28FEF2F300BE7815 /* CircleImage.swift */,
				4368CD2C29015E960049B212 /* FavoriteButton.swift */,
			);
			path = Helpers;
			sourceTree = "<group>";
		};
		4368CD2F290161F00049B212 /* Landmarks */ = {
			isa = PBXGroup;
			children = (
				437B29B8290014D7002C42F2 /* LandmarkRow.swift */,
				437B29BA290020AE002C42F2 /* LandmarkList.swift */,
				437B29BC290023F1002C42F2 /* LandmarkDetails.swift */,
			);
			path = Landmarks;
			sourceTree = "<group>";
		};
		437B29B329000E64002C42F2 /* View */ = {
			isa = PBXGroup;
			children = (
				43DD7DE52A9CC89A0051A819 /* Login */,
				4326601C28FECBCF00575D6A /* ContentView.swift */,
				4368CD2E290161DD0049B212 /* Helpers */,
				4368CD2F290161F00049B212 /* Landmarks */,
			);
			path = View;
			sourceTree = "<group>";
		};
		437B29B429000E77002C42F2 /* Model */ = {
			isa = PBXGroup;
			children = (
				436EF70228FFF932009E3EAB /* Landmark.swift */,
				437B29B529000E89002C42F2 /* ModelData.swift */,
			);
			path = Model;
			sourceTree = "<group>";
		};
		437B29B729000F4B002C42F2 /* Resources */ = {
			isa = PBXGroup;
			children = (
				436EF70028FFF90F009E3EAB /* landmarkData.json */,
			);
			path = Resources;
			sourceTree = "<group>";
		};
		43DD7DE52A9CC89A0051A819 /* Login */ = {
			isa = PBXGroup;
			children = (
				43DD7DE62A9CC8B60051A819 /* LoginView.swift */,
			);
			path = Login;
			sourceTree = "<group>";
		};
/* End PBXGroup section */

/* Begin PBXNativeTarget section */
		4326601628FECBCF00575D6A /* Landmarks */ = {
			isa = PBXNativeTarget;
			buildConfigurationList = 4326602528FECBD200575D6A /* Build configuration list for PBXNativeTarget "Landmarks" */;
			buildPhases = (
				4326601328FECBCF00575D6A /* Sources */,
				4326601428FECBCF00575D6A /* Frameworks */,
				4326601528FECBCF00575D6A /* Resources */,
			);
			buildRules = (
			);
			dependencies = (
			);
			name = Landmarks;
			productName = Landmarks;
			productReference = 4326601728FECBCF00575D6A /* Landmarks.app */;
			productType = "com.apple.product-type.application";
		};
/* End PBXNativeTarget section */

/* Begin PBXProject section */
		4326600F28FECBCF00575D6A /* Project object */ = {
			isa = PBXProject;
			attributes = {
				BuildIndependentTargetsInParallel = 1;
				LastSwiftUpdateCheck = 1320;
				LastUpgradeCheck = 1320;
				TargetAttributes = {
					4326601628FECBCF00575D6A = {
						CreatedOnToolsVersion = 13.2.1;
					};
				};
			};
			buildConfigurationList = 4326601228FECBCF00575D6A /* Build configuration list for PBXProject "Landmarks" */;
			compatibilityVersion = "Xcode 13.0";
			developmentRegion = en;
			hasScannedForEncodings = 0;
			knownRegions = (
				en,
				Base,
			);
			mainGroup = 4326600E28FECBCF00575D6A;
			productRefGroup = 4326601828FECBCF00575D6A /* Products */;
			projectDirPath = "";
			projectRoot = "";
			targets = (
				4326601628FECBCF00575D6A /* Landmarks */,
			);
		};
/* End PBXProject section */

/* Begin PBXResourcesBuildPhase section */
		4326601528FECBCF00575D6A /* Resources */ = {
			isa = PBXResourcesBuildPhase;
			buildActionMask = 2147483647;
			files = (
				4326602228FECBD200575D6A /* Preview Assets.xcassets in Resources */,
				4326601F28FECBD200575D6A /* Assets.xcassets in Resources */,
				436EF70128FFF910009E3EAB /* landmarkData.json in Resources */,
			);
			runOnlyForDeploymentPostprocessing = 0;
		};
/* End PBXResourcesBuildPhase section */

/* Begin PBXSourcesBuildPhase section */
		4326601328FECBCF00575D6A /* Sources */ = {
			isa = PBXSourcesBuildPhase;
			buildActionMask = 2147483647;
			files = (
				4326601D28FECBCF00575D6A /* ContentView.swift in Sources */,
				436EF6FF28FFE9AA009E3EAB /* MapView.swift in Sources */,
				4326601B28FECBCF00575D6A /* LandmarksApp.swift in Sources */,
				4368CD2D29015E960049B212 /* FavoriteButton.swift in Sources */,
				437B29BB290020AE002C42F2 /* LandmarkList.swift in Sources */,
				436F391B28FEF2F300BE7815 /* CircleImage.swift in Sources */,
				436EF70328FFF932009E3EAB /* Landmark.swift in Sources */,
				437B29B9290014D7002C42F2 /* LandmarkRow.swift in Sources */,
				43DD7DE72A9CC8B60051A819 /* LoginView.swift in Sources */,
				437B29B629000E89002C42F2 /* ModelData.swift in Sources */,
				437B29BD290023F1002C42F2 /* LandmarkDetails.swift in Sources */,
			);
			runOnlyForDeploymentPostprocessing = 0;
		};
/* End PBXSourcesBuildPhase section */

/* Begin XCBuildConfiguration section */
		4326602328FECBD200575D6A /* Debug */ = {
			isa = XCBuildConfiguration;
			buildSettings = {
				ALWAYS_SEARCH_USER_PATHS = NO;
				CLANG_ANALYZER_NONNULL = YES;
				CLANG_ANALYZER_NUMBER_OBJECT_CONVERSION = YES_AGGRESSIVE;
				CLANG_CXX_LANGUAGE_STANDARD = "gnu++17";
				CLANG_CXX_LIBRARY = "libc++";
				CLANG_ENABLE_MODULES = YES;
				CLANG_ENABLE_OBJC_ARC = YES;
				CLANG_ENABLE_OBJC_WEAK = YES;
				CLANG_WARN_BLOCK_CAPTURE_AUTORELEASING = YES;
				CLANG_WARN_BOOL_CONVERSION = YES;
				CLANG_WARN_COMMA = YES;
				CLANG_WARN_CONSTANT_CONVERSION = YES;
				CLANG_WARN_DEPRECATED_OBJC_IMPLEMENTATIONS = YES;
				CLANG_WARN_DIRECT_OBJC_ISA_USAGE = YES_ERROR;
				CLANG_WARN_DOCUMENTATION_COMMENTS = YES;
				CLANG_WARN_EMPTY_BODY = YES;
				CLANG_WARN_ENUM_CONVERSION = YES;
				CLANG_WARN_INFINITE_RECURSION = YES;
				CLANG_WARN_INT_CONVERSION = YES;
				CLANG_WARN_NON_LITERAL_NULL_CONVERSION = YES;
				CLANG_WARN_OBJC_IMPLICIT_RETAIN_SELF = YES;
				CLANG_WARN_OBJC_LITERAL_CONVERSION = YES;
				CLANG_WARN_OBJC_ROOT_CLASS = YES_ERROR;
				CLANG_WARN_QUOTED_INCLUDE_IN_FRAMEWORK_HEADER = YES;
				CLANG_WARN_RANGE_LOOP_ANALYSIS = YES;
				CLANG_WARN_STRICT_PROTOTYPES = YES;
				CLANG_WARN_SUSPICIOUS_MOVE = YES;
				CLANG_WARN_UNGUARDED_AVAILABILITY = YES_AGGRESSIVE;
				CLANG_WARN_UNREACHABLE_CODE = YES;
				CLANG_WARN__DUPLICATE_METHOD_MATCH = YES;
				COPY_PHASE_STRIP = NO;
				DEBUG_INFORMATION_FORMAT = dwarf;
				ENABLE_STRICT_OBJC_MSGSEND = YES;
				ENABLE_TESTABILITY = YES;
				GCC_C_LANGUAGE_STANDARD = gnu11;
				GCC_DYNAMIC_NO_PIC = NO;
				GCC_NO_COMMON_BLOCKS = YES;
				GCC_OPTIMIZATION_LEVEL = 0;
				GCC_PREPROCESSOR_DEFINITIONS = (
					"DEBUG=1",
					"$(inherited)",
				);
				GCC_WARN_64_TO_32_BIT_CONVERSION = YES;
				GCC_WARN_ABOUT_RETURN_TYPE = YES_ERROR;
				GCC_WARN_UNDECLARED_SELECTOR = YES;
				GCC_WARN_UNINITIALIZED_AUTOS = YES_AGGRESSIVE;
				GCC_WARN_UNUSED_FUNCTION = YES;
				GCC_WARN_UNUSED_VARIABLE = YES;
				IPHONEOS_DEPLOYMENT_TARGET = 15.2;
				MTL_ENABLE_DEBUG_INFO = INCLUDE_SOURCE;
				MTL_FAST_MATH = YES;
				ONLY_ACTIVE_ARCH = YES;
				SDKROOT = iphoneos;
				SWIFT_ACTIVE_COMPILATION_CONDITIONS = DEBUG;
				SWIFT_OPTIMIZATION_LEVEL = "-Onone";
			};
			name = Debug;
		};
		4326602428FECBD200575D6A /* Release */ = {
			isa = XCBuildConfiguration;
			buildSettings = {
				ALWAYS_SEARCH_USER_PATHS = NO;
				CLANG_ANALYZER_NONNULL = YES;
				CLANG_ANALYZER_NUMBER_OBJECT_CONVERSION = YES_AGGRESSIVE;
				CLANG_CXX_LANGUAGE_STANDARD = "gnu++17";
				CLANG_CXX_LIBRARY = "libc++";
				CLANG_ENABLE_MODULES = YES;
				CLANG_ENABLE_OBJC_ARC = YES;
				CLANG_ENABLE_OBJC_WEAK = YES;
				CLANG_WARN_BLOCK_CAPTURE_AUTORELEASING = YES;
				CLANG_WARN_BOOL_CONVERSION = YES;
				CLANG_WARN_COMMA = YES;
				CLANG_WARN_CONSTANT_CONVERSION = YES;
				CLANG_WARN_DEPRECATED_OBJC_IMPLEMENTATIONS = YES;
				CLANG_WARN_DIRECT_OBJC_ISA_USAGE = YES_ERROR;
				CLANG_WARN_DOCUMENTATION_COMMENTS = YES;
				CLANG_WARN_EMPTY_BODY = YES;
				CLANG_WARN_ENUM_CONVERSION = YES;
				CLANG_WARN_INFINITE_RECURSION = YES;
				CLANG_WARN_INT_CONVERSION = YES;
				CLANG_WARN_NON_LITERAL_NULL_CONVERSION = YES;
				CLANG_WARN_OBJC_IMPLICIT_RETAIN_SELF = YES;
				CLANG_WARN_OBJC_LITERAL_CONVERSION = YES;
				CLANG_WARN_OBJC_ROOT_CLASS = YES_ERROR;
				CLANG_WARN_QUOTED_INCLUDE_IN_FRAMEWORK_HEADER = YES;
				CLANG_WARN_RANGE_LOOP_ANALYSIS = YES;
				CLANG_WARN_STRICT_PROTOTYPES = YES;
				CLANG_WARN_SUSPICIOUS_MOVE = YES;
				CLANG_WARN_UNGUARDED_AVAILABILITY = YES_AGGRESSIVE;
				CLANG_WARN_UNREACHABLE_CODE = YES;
				CLANG_WARN__DUPLICATE_METHOD_MATCH = YES;
				COPY_PHASE_STRIP = NO;
				DEBUG_INFORMATION_FORMAT = "dwarf-with-dsym";
				ENABLE_NS_ASSERTIONS = NO;
				ENABLE_STRICT_OBJC_MSGSEND = YES;
				GCC_C_LANGUAGE_STANDARD = gnu11;
				GCC_NO_COMMON_BLOCKS = YES;
				GCC_WARN_64_TO_32_BIT_CONVERSION = YES;
				GCC_WARN_ABOUT_RETURN_TYPE = YES_ERROR;
				GCC_WARN_UNDECLARED_SELECTOR = YES;
				GCC_WARN_UNINITIALIZED_AUTOS = YES_AGGRESSIVE;
				GCC_WARN_UNUSED_FUNCTION = YES;
				GCC_WARN_UNUSED_VARIABLE = YES;
				IPHONEOS_DEPLOYMENT_TARGET = 15.2;
				MTL_ENABLE_DEBUG_INFO = NO;
				MTL_FAST_MATH = YES;
				SDKROOT = iphoneos;
				SWIFT_COMPILATION_MODE = wholemodule;
				SWIFT_OPTIMIZATION_LEVEL = "-O";
				VALIDATE_PRODUCT = YES;
			};
			name = Release;
		};
		4326602628FECBD200575D6A /* Debug */ = {
			isa = XCBuildConfiguration;
			buildSettings = {
				ASSETCATALOG_COMPILER_APPICON_NAME = AppIcon;
				ASSETCATALOG_COMPILER_GLOBAL_ACCENT_COLOR_NAME = AccentColor;
				CODE_SIGN_STYLE = Automatic;
				CURRENT_PROJECT_VERSION = 1;
				DEVELOPMENT_ASSET_PATHS = "\"Landmarks/Preview Content\"";
				DEVELOPMENT_TEAM = FQR27G98XG;
				ENABLE_PREVIEWS = YES;
				GENERATE_INFOPLIST_FILE = YES;
				INFOPLIST_KEY_UIApplicationSceneManifest_Generation = YES;
				INFOPLIST_KEY_UIApplicationSupportsIndirectInputEvents = YES;
				INFOPLIST_KEY_UILaunchScreen_Generation = YES;
				INFOPLIST_KEY_UISupportedInterfaceOrientations_iPad = "UIInterfaceOrientationPortrait UIInterfaceOrientationPortraitUpsideDown UIInterfaceOrientationLandscapeLeft UIInterfaceOrientationLandscapeRight";
				INFOPLIST_KEY_UISupportedInterfaceOrientations_iPhone = "UIInterfaceOrientationPortrait UIInterfaceOrientationLandscapeLeft UIInterfaceOrientationLandscapeRight";
				LD_RUNPATH_SEARCH_PATHS = (
					"$(inherited)",
					"@executable_path/Frameworks",
				);
				MARKETING_VERSION = 1.0;
				PRODUCT_BUNDLE_IDENTIFIER = sd.Landmarks;
				PRODUCT_NAME = "$(TARGET_NAME)";
				SWIFT_EMIT_LOC_STRINGS = YES;
				SWIFT_VERSION = 5.0;
				TARGETED_DEVICE_FAMILY = "1,2";
			};
			name = Debug;
		};
		4326602728FECBD200575D6A /* Release */ = {
			isa = XCBuildConfiguration;
			buildSettings = {
				ASSETCATALOG_COMPILER_APPICON_NAME = AppIcon;
				ASSETCATALOG_COMPILER_GLOBAL_ACCENT_COLOR_NAME = AccentColor;
				CODE_SIGN_STYLE = Automatic;
				CURRENT_PROJECT_VERSION = 1;
				DEVELOPMENT_ASSET_PATHS = "\"Landmarks/Preview Content\"";
				DEVELOPMENT_TEAM = FQR27G98XG;
				ENABLE_PREVIEWS = YES;
				GENERATE_INFOPLIST_FILE = YES;
				INFOPLIST_KEY_UIApplicationSceneManifest_Generation = YES;
				INFOPLIST_KEY_UIApplicationSupportsIndirectInputEvents = YES;
				INFOPLIST_KEY_UILaunchScreen_Generation = YES;
				INFOPLIST_KEY_UISupportedInterfaceOrientations_iPad = "UIInterfaceOrientationPortrait UIInterfaceOrientationPortraitUpsideDown UIInterfaceOrientationLandscapeLeft UIInterfaceOrientationLandscapeRight";
				INFOPLIST_KEY_UISupportedInterfaceOrientations_iPhone = "UIInterfaceOrientationPortrait UIInterfaceOrientationLandscapeLeft UIInterfaceOrientationLandscapeRight";
				LD_RUNPATH_SEARCH_PATHS = (
					"$(inherited)",
					"@executable_path/Frameworks",
				);
				MARKETING_VERSION = 1.0;
				PRODUCT_BUNDLE_IDENTIFIER = sd.Landmarks;
				PRODUCT_NAME = "$(TARGET_NAME)";
				SWIFT_EMIT_LOC_STRINGS = YES;
				SWIFT_VERSION = 5.0;
				TARGETED_DEVICE_FAMILY = "1,2";
			};
			name = Release;
		};
/* End XCBuildConfiguration section */

/* Begin XCConfigurationList section */
		4326601228FECBCF00575D6A /* Build configuration list for PBXProject "Landmarks" */ = {
			isa = XCConfigurationList;
			buildConfigurations = (
				4326602328FECBD200575D6A /* Debug */,
				4326602428FECBD200575D6A /* Release */,
			);
			defaultConfigurationIsVisible = 0;
			defaultConfigurationName = Release;
		};
		4326602528FECBD200575D6A /* Build configuration list for PBXNativeTarget "Landmarks" */ = {
			isa = XCConfigurationList;
			buildConfigurations = (
				4326602628FECBD200575D6A /* Debug */,
				4326602728FECBD200575D6A /* Release */,
			);
			defaultConfigurationIsVisible = 0;
			defaultConfigurationName = Release;
		};
/* End XCConfigurationList section */
	};
	rootObject = 4326600F28FECBCF00575D6A /* Project object */;
}
